
Microsoft Visual Studio Solution File, Format Version 12.00
# Visual Studio Version 16
VisualStudioVersion = 16.0.29519.87
MinimumVisualStudioVersion = 10.0.40219.1
Project("{FAE04EC0-301F-11D3-BF4B-00C04F79EFBC}") = "Дз_19_1", "Дз_19\Дз_19_1.csproj", "{C68EDB83-667F-49BC-A2E5-281F8ED30542}"
EndProject
Project("{FAE04EC0-301F-11D3-BF4B-00C04F79EFBC}") = "Дз_19_2", "Дз_19_2\Дз_19_2.csproj", "{9922AEB4-A96C-49F5-8C24-6037AA2DF624}"
EndProject
Project("{FAE04EC0-301F-11D3-BF4B-00C04F79EFBC}") = "Дз_19_3", "Дз_19_3\Дз_19_3.csproj", "{DE190C0F-D15E-4F4E-A2FE-E64E34528CF0}"
EndProject
Global
	GlobalSection(SolutionConfigurationPlatforms) = preSolution
		Debug|Any CPU = Debug|Any CPU
		Release|Any CPU = Release|Any CPU
	EndGlobalSection
	GlobalSection(ProjectConfigurationPlatforms) = postSolution
		{C68EDB83-667F-49BC-A2E5-281F8ED30542}.Debug|Any CPU.ActiveCfg = Debug|Any CPU
		{C68EDB83-667F-49BC-A2E5-281F8ED30542}.Debug|Any CPU.Build.0 = Debug|Any CPU
		{C68EDB83-667F-49BC-A2E5-281F8ED30542}.Release|Any CPU.ActiveCfg = Release|Any CPU
		{C68EDB83-667F-49BC-A2E5-281F8ED30542}.Release|Any CPU.Build.0 = Release|Any CPU
		{9922AEB4-A96C-49F5-8C24-6037AA2DF624}.Debug|Any CPU.ActiveCfg = Debug|Any CPU
		{9922AEB4-A96C-49F5-8C24-6037AA2DF624}.Debug|Any CPU.Build.0 = Debug|Any CPU
		{9922AEB4-A96C-49F5-8C24-6037AA2DF624}.Release|Any CPU.ActiveCfg = Release|Any CPU
		{9922AEB4-A96C-49F5-8C24-6037AA2DF624}.Release|Any CPU.Build.0 = Release|Any CPU
		{DE190C0F-D15E-4F4E-A2FE-E64E34528CF0}.Debug|Any CPU.ActiveCfg = Debug|Any CPU
		{DE190C0F-D15E-4F4E-A2FE-E64E34528CF0}.Debug|Any CPU.Build.0 = Debug|Any CPU
		{DE190C0F-D15E-4F4E-A2FE-E64E34528CF0}.Release|Any CPU.ActiveCfg = Release|Any CPU
		{DE190C0F-D15E-4F4E-A2FE-E64E34528CF0}.Release|Any CPU.Build.0 = Release|Any CPU
	EndGlobalSection
	GlobalSection(SolutionProperties) = preSolution
		HideSolutionNode = FALSE
	EndGlobalSection
	GlobalSection(ExtensibilityGlobals) = postSolution
		SolutionGuid = {CD396F6A-EB34-40A9-BEC7-301742CEBFB7}
	EndGlobalSection
EndGlobal
