
Microsoft Visual Studio Solution File, Format Version 12.00
# Visual Studio Version 16
VisualStudioVersion = 16.0.29324.140
MinimumVisualStudioVersion = 10.0.40219.1
Project("{FAE04EC0-301F-11D3-BF4B-00C04F79EFBC}") = "ДЗ_2", "ДЗ_2\ДЗ_2.csproj", "{6BA25568-7816-4210-8392-D4D3833E9016}"
EndProject
Global
	GlobalSection(SolutionConfigurationPlatforms) = preSolution
		Debug|Any CPU = Debug|Any CPU
		Release|Any CPU = Release|Any CPU
	EndGlobalSection
	GlobalSection(ProjectConfigurationPlatforms) = postSolution
		{6BA25568-7816-4210-8392-D4D3833E9016}.Debug|Any CPU.ActiveCfg = Debug|Any CPU
		{6BA25568-7816-4210-8392-D4D3833E9016}.Debug|Any CPU.Build.0 = Debug|Any CPU
		{6BA25568-7816-4210-8392-D4D3833E9016}.Release|Any CPU.ActiveCfg = Release|Any CPU
		{6BA25568-7816-4210-8392-D4D3833E9016}.Release|Any CPU.Build.0 = Release|Any CPU
	EndGlobalSection
	GlobalSection(SolutionProperties) = preSolution
		HideSolutionNode = FALSE
	EndGlobalSection
	GlobalSection(ExtensibilityGlobals) = postSolution
		SolutionGuid = {925074ED-D061-4509-BEA4-A785B5163F1F}
	EndGlobalSection
EndGlobal
